
Microsoft Visual Studio Solution File, Format Version 12.00
# Visual Studio Version 16
VisualStudioVersion = 16.0.31229.75
MinimumVisualStudioVersion = 10.0.40219.1
Project("{FAE04EC0-301F-11D3-BF4B-00C04F79EFBC}") = "ProyectoDIV1.Android", "ProyectoDIV1.Android\ProyectoDIV1.Android.csproj", "{A37890D3-95D2-40E4-B927-26988F32904B}"
EndProject
Project("{FAE04EC0-301F-11D3-BF4B-00C04F79EFBC}") = "ProyectoDIV1.iOS", "ProyectoDIV1.iOS\ProyectoDIV1.iOS.csproj", "{641D3C72-44EC-4FD3-927B-4DD659C5A14B}"
EndProject
Project("{FAE04EC0-301F-11D3-BF4B-00C04F79EFBC}") = "ProyectoDIV1", "ProyectoDIV1\ProyectoDIV1.csproj", "{05CFB3A5-FC69-4A8E-BC76-EBD43D4D0B71}"
EndProject
Global
	GlobalSection(SolutionConfigurationPlatforms) = preSolution
		Debug|Any CPU = Debug|Any CPU
		Debug|iPhone = Debug|iPhone
		Debug|iPhoneSimulator = Debug|iPhoneSimulator
		Release|Any CPU = Release|Any CPU
		Release|iPhone = Release|iPhone
		Release|iPhoneSimulator = Release|iPhoneSimulator
	EndGlobalSection
	GlobalSection(ProjectConfigurationPlatforms) = postSolution
		{A37890D3-95D2-40E4-B927-26988F32904B}.Debug|Any CPU.ActiveCfg = Debug|Any CPU
		{A37890D3-95D2-40E4-B927-26988F32904B}.Debug|Any CPU.Build.0 = Debug|Any CPU
		{A37890D3-95D2-40E4-B927-26988F32904B}.Debug|Any CPU.Deploy.0 = Debug|Any CPU
		{A37890D3-95D2-40E4-B927-26988F32904B}.Debug|iPhone.ActiveCfg = Debug|Any CPU
		{A37890D3-95D2-40E4-B927-26988F32904B}.Debug|iPhone.Build.0 = Debug|Any CPU
		{A37890D3-95D2-40E4-B927-26988F32904B}.Debug|iPhone.Deploy.0 = Debug|Any CPU
		{A37890D3-95D2-40E4-B927-26988F32904B}.Debug|iPhoneSimulator.ActiveCfg = Debug|Any CPU
		{A37890D3-95D2-40E4-B927-26988F32904B}.Debug|iPhoneSimulator.Build.0 = Debug|Any CPU
		{A37890D3-95D2-40E4-B927-26988F32904B}.Debug|iPhoneSimulator.Deploy.0 = Debug|Any CPU
		{A37890D3-95D2-40E4-B927-26988F32904B}.Release|Any CPU.ActiveCfg = Release|Any CPU
		{A37890D3-95D2-40E4-B927-26988F32904B}.Release|Any CPU.Build.0 = Release|Any CPU
		{A37890D3-95D2-40E4-B927-26988F32904B}.Release|Any CPU.Deploy.0 = Release|Any CPU
		{A37890D3-95D2-40E4-B927-26988F32904B}.Release|iPhone.ActiveCfg = Release|Any CPU
		{A37890D3-95D2-40E4-B927-26988F32904B}.Release|iPhone.Build.0 = Release|Any CPU
		{A37890D3-95D2-40E4-B927-26988F32904B}.Release|iPhone.Deploy.0 = Release|Any CPU
		{A37890D3-95D2-40E4-B927-26988F32904B}.Release|iPhoneSimulator.ActiveCfg = Release|Any CPU
		{A37890D3-95D2-40E4-B927-26988F32904B}.Release|iPhoneSimulator.Build.0 = Release|Any CPU
		{A37890D3-95D2-40E4-B927-26988F32904B}.Release|iPhoneSimulator.Deploy.0 = Release|Any CPU
		{641D3C72-44EC-4FD3-927B-4DD659C5A14B}.Debug|Any CPU.ActiveCfg = Debug|iPhone
		{641D3C72-44EC-4FD3-927B-4DD659C5A14B}.Debug|Any CPU.Build.0 = Debug|iPhone
		{641D3C72-44EC-4FD3-927B-4DD659C5A14B}.Debug|Any CPU.Deploy.0 = Debug|iPhone
		{641D3C72-44EC-4FD3-927B-4DD659C5A14B}.Debug|iPhone.ActiveCfg = Debug|iPhone
		{641D3C72-44EC-4FD3-927B-4DD659C5A14B}.Debug|iPhone.Build.0 = Debug|iPhone
		{641D3C72-44EC-4FD3-927B-4DD659C5A14B}.Debug|iPhone.Deploy.0 = Debug|iPhone
		{641D3C72-44EC-4FD3-927B-4DD659C5A14B}.Debug|iPhoneSimulator.ActiveCfg = Debug|iPhoneSimulator
		{641D3C72-44EC-4FD3-927B-4DD659C5A14B}.Debug|iPhoneSimulator.Build.0 = Debug|iPhoneSimulator
		{641D3C72-44EC-4FD3-927B-4DD659C5A14B}.Debug|iPhoneSimulator.Deploy.0 = Debug|iPhoneSimulator
		{641D3C72-44EC-4FD3-927B-4DD659C5A14B}.Release|Any CPU.ActiveCfg = Release|iPhoneSimulator
		{641D3C72-44EC-4FD3-927B-4DD659C5A14B}.Release|Any CPU.Build.0 = Release|iPhoneSimulator
		{641D3C72-44EC-4FD3-927B-4DD659C5A14B}.Release|Any CPU.Deploy.0 = Release|iPhoneSimulator
		{641D3C72-44EC-4FD3-927B-4DD659C5A14B}.Release|iPhone.ActiveCfg = Release|iPhone
		{641D3C72-44EC-4FD3-927B-4DD659C5A14B}.Release|iPhone.Build.0 = Release|iPhone
		{641D3C72-44EC-4FD3-927B-4DD659C5A14B}.Release|iPhone.Deploy.0 = Release|iPhone
		{641D3C72-44EC-4FD3-927B-4DD659C5A14B}.Release|iPhoneSimulator.ActiveCfg = Release|iPhoneSimulator
		{641D3C72-44EC-4FD3-927B-4DD659C5A14B}.Release|iPhoneSimulator.Build.0 = Release|iPhoneSimulator
		{641D3C72-44EC-4FD3-927B-4DD659C5A14B}.Release|iPhoneSimulator.Deploy.0 = Release|iPhoneSimulator
		{05CFB3A5-FC69-4A8E-BC76-EBD43D4D0B71}.Debug|Any CPU.ActiveCfg = Debug|Any CPU
		{05CFB3A5-FC69-4A8E-BC76-EBD43D4D0B71}.Debug|Any CPU.Build.0 = Debug|Any CPU
		{05CFB3A5-FC69-4A8E-BC76-EBD43D4D0B71}.Debug|Any CPU.Deploy.0 = Debug|Any CPU
		{05CFB3A5-FC69-4A8E-BC76-EBD43D4D0B71}.Debug|iPhone.ActiveCfg = Debug|Any CPU
		{05CFB3A5-FC69-4A8E-BC76-EBD43D4D0B71}.Debug|iPhone.Build.0 = Debug|Any CPU
		{05CFB3A5-FC69-4A8E-BC76-EBD43D4D0B71}.Debug|iPhone.Deploy.0 = Debug|Any CPU
		{05CFB3A5-FC69-4A8E-BC76-EBD43D4D0B71}.Debug|iPhoneSimulator.ActiveCfg = Debug|Any CPU
		{05CFB3A5-FC69-4A8E-BC76-EBD43D4D0B71}.Debug|iPhoneSimulator.Build.0 = Debug|Any CPU
		{05CFB3A5-FC69-4A8E-BC76-EBD43D4D0B71}.Debug|iPhoneSimulator.Deploy.0 = Debug|Any CPU
		{05CFB3A5-FC69-4A8E-BC76-EBD43D4D0B71}.Release|Any CPU.ActiveCfg = Release|Any CPU
		{05CFB3A5-FC69-4A8E-BC76-EBD43D4D0B71}.Release|Any CPU.Build.0 = Release|Any CPU
		{05CFB3A5-FC69-4A8E-BC76-EBD43D4D0B71}.Release|Any CPU.Deploy.0 = Release|Any CPU
		{05CFB3A5-FC69-4A8E-BC76-EBD43D4D0B71}.Release|iPhone.ActiveCfg = Release|Any CPU
		{05CFB3A5-FC69-4A8E-BC76-EBD43D4D0B71}.Release|iPhone.Build.0 = Release|Any CPU
		{05CFB3A5-FC69-4A8E-BC76-EBD43D4D0B71}.Release|iPhone.Deploy.0 = Release|Any CPU
		{05CFB3A5-FC69-4A8E-BC76-EBD43D4D0B71}.Release|iPhoneSimulator.ActiveCfg = Release|Any CPU
		{05CFB3A5-FC69-4A8E-BC76-EBD43D4D0B71}.Release|iPhoneSimulator.Build.0 = Release|Any CPU
		{05CFB3A5-FC69-4A8E-BC76-EBD43D4D0B71}.Release|iPhoneSimulator.Deploy.0 = Release|Any CPU
	EndGlobalSection
	GlobalSection(SolutionProperties) = preSolution
		HideSolutionNode = FALSE
	EndGlobalSection
	GlobalSection(ExtensibilityGlobals) = postSolution
		SolutionGuid = {B9D0A74B-095B-41E7-BA43-CDBB6A886C13}
	EndGlobalSection
EndGlobal
